{
  "requires": true,
  "lockfileVersion": 1,
  "dependencies": {
    "@algolia/cache-browser-local-storage": {
      "version": "4.5.1",
      "resolved": "https://registry.npmjs.org/@algolia/cache-browser-local-storage/-/cache-browser-local-storage-4.5.1.tgz",
      "integrity": "sha512-TAQHRHaCUAR0bNhUHG0CnO6FTx3EMPwZQrjPuNS6kHvCQ/H8dVD0sLsHyM8C7U4j33xPQCWi9TBnSx8cYXNmNw==",
      "requires": {
        "@algolia/cache-common": "4.5.1"
      }
    },
    "@algolia/cache-common": {
      "version": "4.5.1",
      "resolved": "https://registry.npmjs.org/@algolia/cache-common/-/cache-common-4.5.1.tgz",
      "integrity": "sha512-Sux+pcedQi9sfScIiQdl6pEaTVl712qM9OblvDhnaeF1v6lf4jyTlRTiBLP7YBLuvO1Yo54W3maf03kmz9PVhA=="
    },
    "@algolia/cache-in-memory": {
      "version": "4.5.1",
      "resolved": "https://registry.npmjs.org/@algolia/cache-in-memory/-/cache-in-memory-4.5.1.tgz",
      "integrity": "sha512-fzwAtBFwveuG+E5T/namChEIvdVl0DoV3djV1C078b/JpO5+DeAwuXIJGYbyl950u170n5NEYuIwYG+R6h4lJQ==",
      "requires": {
        "@algolia/cache-common": "4.5.1"
      }
    },
    "@algolia/client-account": {
      "version": "4.5.1",
      "resolved": "https://registry.npmjs.org/@algolia/client-account/-/client-account-4.5.1.tgz",
      "integrity": "sha512-2WFEaI7Zf4ljnBsSAS4e+YylZ5glovm78xFg4E1JKA8PE6M+TeIgUY6HO2ouLh2dqQKxc9UfdAT1Loo/dha2iQ==",
      "requires": {
        "@algolia/client-common": "4.5.1",
        "@algolia/client-search": "4.5.1",
        "@algolia/transporter": "4.5.1"
      }
    },
    "@algolia/client-analytics": {
      "version": "4.5.1",
      "resolved": "https://registry.npmjs.org/@algolia/client-analytics/-/client-analytics-4.5.1.tgz",
      "integrity": "sha512-bTmZUU8zhZMWBeGEQ/TVqLoL3OOT0benU0HtS3iOnQURwb+AOCv3RsgZvkj2djp+M24Q6P8/L34uBJMmCurbLg==",
      "requires": {
        "@algolia/client-common": "4.5.1",
        "@algolia/client-search": "4.5.1",
        "@algolia/requester-common": "4.5.1",
        "@algolia/transporter": "4.5.1"
      }
    },
    "@algolia/client-common": {
      "version": "4.5.1",
      "resolved": "https://registry.npmjs.org/@algolia/client-common/-/client-common-4.5.1.tgz",
      "integrity": "sha512-5CpIf8IK1hke7q+N4e+A4TWdFXVJ5Qwyaa0xS84DrDO8HQ7vfYbDvG1oYa9hVEtGn6c3WVKPAvuWynK+fXQQCA==",
      "requires": {
        "@algolia/requester-common": "4.5.1",
        "@algolia/transporter": "4.5.1"
      }
    },
    "@algolia/client-recommendation": {
      "version": "4.5.1",
      "resolved": "https://registry.npmjs.org/@algolia/client-recommendation/-/client-recommendation-4.5.1.tgz",
      "integrity": "sha512-GiFrNSImoEBUQICjFBEoxPGzrjWji8PY9GeMg2CNvOYcRQ0Xt0Y36v9GN53NLjvB7QdQ2FlE1Cuv/PLUfS/aQQ==",
      "requires": {
        "@algolia/client-common": "4.5.1",
        "@algolia/requester-common": "4.5.1",
        "@algolia/transporter": "4.5.1"
      }
    },
    "@algolia/client-search": {
      "version": "4.5.1",
      "resolved": "https://registry.npmjs.org/@algolia/client-search/-/client-search-4.5.1.tgz",
      "integrity": "sha512-wjuOTte9Auo9Cg4fL0709PjeJ9rXFh4okYUrOt/2SWqQid6DSdZOp+BtyaHKV3E94sj+SlmMxkMUacYluYg5zA==",
      "requires": {
        "@algolia/client-common": "4.5.1",
        "@algolia/requester-common": "4.5.1",
        "@algolia/transporter": "4.5.1"
      }
    },
    "@algolia/logger-common": {
      "version": "4.5.1",
      "resolved": "https://registry.npmjs.org/@algolia/logger-common/-/logger-common-4.5.1.tgz",
      "integrity": "sha512-ZoVnGriinlLHlkvn5K7djOUn1/1IeTjU8rDzOJ3t06T+2hQytgJghaX7rSwKIeH4CjWMy61w8jLisuGJRBOEeg=="
    },
    "@algolia/logger-console": {
      "version": "4.5.1",
      "resolved": "https://registry.npmjs.org/@algolia/logger-console/-/logger-console-4.5.1.tgz",
      "integrity": "sha512-1qa7K18+uAgxyWuguayaDS5ViiZFcOjI3J5ACBb0i/n7RsXUo149lP6mwmx6TIU7s135hT0f0TCqnvfMvN1ilA==",
      "requires": {
        "@algolia/logger-common": "4.5.1"
      }
    },
    "@algolia/requester-browser-xhr": {
      "version": "4.5.1",
      "resolved": "https://registry.npmjs.org/@algolia/requester-browser-xhr/-/requester-browser-xhr-4.5.1.tgz",
      "integrity": "sha512-tsQz+9pZw9dwPm/wMvZDpsWFZgmghLjXi4c3O4rfwoP/Ikum5fhle5fiR14yb4Lw4WlOQ1AJIHJvrg1qLIG8hQ==",
      "requires": {
        "@algolia/requester-common": "4.5.1"
      }
    },
    "@algolia/requester-common": {
      "version": "4.5.1",
      "resolved": "https://registry.npmjs.org/@algolia/requester-common/-/requester-common-4.5.1.tgz",
      "integrity": "sha512-bPCiLvhHKXaka7f5FLtheChToz0yHVhvza64naFJRRh/3kC0nvyrvQ0ogjiydiSrGIfdNDyyTVfKGdk4gS5gyA=="
    },
    "@algolia/requester-node-http": {
      "version": "4.5.1",
      "resolved": "https://registry.npmjs.org/@algolia/requester-node-http/-/requester-node-http-4.5.1.tgz",
      "integrity": "sha512-BfFc2h9eQOKu1gGs3DtQO7GrVZW/rxUgpJVLja4UVQyGplJyTCrFgkTyfl+8rb3MkNgA/S2LNo7cKNSPfpqeAQ==",
      "requires": {
        "@algolia/requester-common": "4.5.1"
      }
    },
    "@algolia/transporter": {
      "version": "4.5.1",
      "resolved": "https://registry.npmjs.org/@algolia/transporter/-/transporter-4.5.1.tgz",
      "integrity": "sha512-asPDNToDAPhH0tM6qKGTn1l0wTlNUbekpa1ifZ6v+qhSjo3VdqGyp+2VeciJOBW/wVHXh3HUbAcycvLERRlCLg==",
      "requires": {
        "@algolia/cache-common": "4.5.1",
        "@algolia/logger-common": "4.5.1",
        "@algolia/requester-common": "4.5.1"
      }
    },
    "@babel/runtime": {
      "version": "7.11.2",
      "resolved": "https://registry.npmjs.org/@babel/runtime/-/runtime-7.11.2.tgz",
      "integrity": "sha512-TeWkU52so0mPtDcaCTxNBI/IHiz0pZgr8VEFqXFtZWpYD08ZB6FaSwVAS8MKRQAP3bYKiVjwysOJgMFY28o6Tw==",
      "requires": {
        "regenerator-runtime": "^0.13.4"
      }
    },
    "@fortawesome/fontawesome-common-types": {
      "version": "0.2.32",
      "resolved": "https://registry.npmjs.org/@fortawesome/fontawesome-common-types/-/fontawesome-common-types-0.2.32.tgz",
      "integrity": "sha512-ux2EDjKMpcdHBVLi/eWZynnPxs0BtFVXJkgHIxXRl+9ZFaHPvYamAfCzeeQFqHRjuJtX90wVnMRaMQAAlctz3w=="
    },
    "@fortawesome/fontawesome-svg-core": {
      "version": "1.2.32",
      "resolved": "https://registry.npmjs.org/@fortawesome/fontawesome-svg-core/-/fontawesome-svg-core-1.2.32.tgz",
      "integrity": "sha512-XjqyeLCsR/c/usUpdWcOdVtWFVjPbDFBTQkn2fQRrWhhUoxriQohO2RWDxLyUM8XpD+Zzg5xwJ8gqTYGDLeGaQ==",
      "requires": {
        "@fortawesome/fontawesome-common-types": "^0.2.32"
      }
    },
    "@fortawesome/free-solid-svg-icons": {
      "version": "5.15.1",
      "resolved": "https://registry.npmjs.org/@fortawesome/free-solid-svg-icons/-/free-solid-svg-icons-5.15.1.tgz",
      "integrity": "sha512-EFMuKtzRMNbvjab/SvJBaOOpaqJfdSap/Nl6hst7CgrJxwfORR1drdTV6q1Ib/JVzq4xObdTDcT6sqTaXMqfdg==",
      "requires": {
        "@fortawesome/fontawesome-common-types": "^0.2.32"
      }
    },
    "@fortawesome/react-fontawesome": {
      "version": "0.1.12",
      "resolved": "https://registry.npmjs.org/@fortawesome/react-fontawesome/-/react-fontawesome-0.1.12.tgz",
      "integrity": "sha512-kV6HtqotM3K4YIXlTVvomuIi6QgGCvYm++ImyEx2wwgmSppZ6kbbA29ASwjAUBD63j2OFU0yoxeXpZkjrrX0qQ==",
      "requires": {
        "prop-types": "^15.7.2"
      }
    },
    "algoliasearch": {
      "version": "4.5.1",
      "resolved": "https://registry.npmjs.org/algoliasearch/-/algoliasearch-4.5.1.tgz",
      "integrity": "sha512-b6yT1vWMlBdVObQipKxvt0M6SEvGetVj+FFFlo0Fy06gkdj6WCJaS4t10Q/hC3I2VG9QmpCqlK3Esgg1y1E+uw==",
      "requires": {
        "@algolia/cache-browser-local-storage": "4.5.1",
        "@algolia/cache-common": "4.5.1",
        "@algolia/cache-in-memory": "4.5.1",
        "@algolia/client-account": "4.5.1",
        "@algolia/client-analytics": "4.5.1",
        "@algolia/client-common": "4.5.1",
        "@algolia/client-recommendation": "4.5.1",
        "@algolia/client-search": "4.5.1",
        "@algolia/logger-common": "4.5.1",
        "@algolia/logger-console": "4.5.1",
        "@algolia/requester-browser-xhr": "4.5.1",
        "@algolia/requester-common": "4.5.1",
        "@algolia/requester-node-http": "4.5.1",
        "@algolia/transporter": "4.5.1"
      }
    },
    "algoliasearch-helper": {
      "version": "3.2.2",
      "resolved": "https://registry.npmjs.org/algoliasearch-helper/-/algoliasearch-helper-3.2.2.tgz",
      "integrity": "sha512-/3XvE33R+gQKaiPdy3nmHYqhF8hqIu8xnlOicVxb1fD6uMFmxW8rGLzzrRfsPfxgAfm+c1NslLb3TzQVIB8aVA==",
      "requires": {
        "events": "^1.1.1"
      }
    },
    "ansi-regex": {
      "version": "5.0.0",
      "resolved": "https://registry.npmjs.org/ansi-regex/-/ansi-regex-5.0.0.tgz",
      "integrity": "sha512-bY6fj56OUQ0hU1KjFNDQuJFezqKdrAyFdIevADiqrWHwSlbmBNMHp5ak2f40Pm8JTFyM2mqxkG6ngkHO11f/lg=="
    },
    "ansi-styles": {
      "version": "4.3.0",
      "resolved": "https://registry.npmjs.org/ansi-styles/-/ansi-styles-4.3.0.tgz",
      "integrity": "sha512-zbB9rCJAT1rbjiVDb2hqKFHNYLxgtk8NURxZ3IZwD3F6NtxbXZQCnnSi1Lkx+IDohdPlFp222wVALIheZJQSEg==",
      "requires": {
        "color-convert": "^2.0.1"
      }
    },
    "any-promise": {
      "version": "0.1.0",
      "resolved": "https://registry.npmjs.org/any-promise/-/any-promise-0.1.0.tgz",
      "integrity": "sha1-gwtoCqflbzNFHUsEnzvYBESY7ic="
    },
    "babel-runtime": {
      "version": "5.8.38",
      "resolved": "https://registry.npmjs.org/babel-runtime/-/babel-runtime-5.8.38.tgz",
      "integrity": "sha1-HAsC62MxL18If/IEUIJ7QlydTBk=",
      "requires": {
        "core-js": "^1.0.0"
      }
    },
    "balanced-match": {
      "version": "1.0.0",
      "resolved": "https://registry.npmjs.org/balanced-match/-/balanced-match-1.0.0.tgz",
      "integrity": "sha1-ibTRmasr7kneFk6gK4nORi1xt2c="
    },
    "brace-expansion": {
      "version": "1.1.11",
      "resolved": "https://registry.npmjs.org/brace-expansion/-/brace-expansion-1.1.11.tgz",
      "integrity": "sha512-iCuPHDFgrHX7H2vEI/5xpz07zSHB00TpugqhmYtVmMO6518mCuRMoOYFldEBl0g187ufozdaHgWKcYFb61qGiA==",
      "requires": {
        "balanced-match": "^1.0.0",
        "concat-map": "0.0.1"
      }
    },
    "classnames": {
      "version": "2.2.6",
      "resolved": "https://registry.npmjs.org/classnames/-/classnames-2.2.6.tgz",
      "integrity": "sha512-JR/iSQOSt+LQIWwrwEzJ9uk0xfN3mTVYMwt1Ir5mUcSN6pU+V4zQFFaJsclJbPuAUQH+yfWef6tm7l1quW3C8Q=="
    },
    "color-convert": {
      "version": "2.0.1",
      "resolved": "https://registry.npmjs.org/color-convert/-/color-convert-2.0.1.tgz",
      "integrity": "sha512-RRECPsj7iu/xb5oKYcsFHSppFNnsj/52OVTRKb4zP5onXwVF3zVmmToNcOfGC+CRDpfK/U584fMg38ZHCaElKQ==",
      "requires": {
        "color-name": "~1.1.4"
      }
    },
    "color-name": {
      "version": "1.1.4",
      "resolved": "https://registry.npmjs.org/color-name/-/color-name-1.1.4.tgz",
      "integrity": "sha512-dOy+3AuW3a2wNbZHIuMZpTcgjGuLU/uBL/ubcZF9OXbDo8ff4O8yVp5Bf0efS8uEoYo5q4Fx7dY9OgQGXgAsQA=="
    },
    "concat-map": {
      "version": "0.0.1",
      "resolved": "https://registry.npmjs.org/concat-map/-/concat-map-0.0.1.tgz",
      "integrity": "sha1-2Klr13/Wjfd5OnMDajug1UBdR3s="
    },
    "core-js": {
      "version": "1.2.7",
      "resolved": "https://registry.npmjs.org/core-js/-/core-js-1.2.7.tgz",
      "integrity": "sha1-ZSKUwUZR2yj6k70tX/KYOk8IxjY="
    },
    "debug": {
      "version": "4.2.0",
      "resolved": "https://registry.npmjs.org/debug/-/debug-4.2.0.tgz",
      "integrity": "sha512-IX2ncY78vDTjZMFUdmsvIRFY2Cf4FnD0wRs+nQwJU8Lu99/tPFdb0VybiiMTPe3I6rQmwsqQqRBvxU+bZ/I8sg==",
      "requires": {
        "ms": "2.1.2"
      }
    },
    "emoji-regex": {
      "version": "8.0.0",
      "resolved": "https://registry.npmjs.org/emoji-regex/-/emoji-regex-8.0.0.tgz",
      "integrity": "sha512-MSjYzcWNOA0ewAHpz0MxpYFvwg6yjy1NG3xteoqz644VCo/RPgnr1/GGt+ic3iJTzQ8Eu3TdM14SawnVUmGE6A=="
    },
    "end-of-stream": {
      "version": "1.4.4",
      "resolved": "https://registry.npmjs.org/end-of-stream/-/end-of-stream-1.4.4.tgz",
      "integrity": "sha512-+uw1inIHVPQoaVuHzRyXd21icM+cnt4CzD5rW+NC1wjOUSTOs+Te7FOv7AhN7vS9x/oIyhLP5PR1H+phQAHu5Q==",
      "requires": {
        "once": "^1.4.0"
      }
    },
    "events": {
      "version": "1.1.1",
      "resolved": "https://registry.npmjs.org/events/-/events-1.1.1.tgz",
      "integrity": "sha1-nr23Y1rQmccNzEwqH1AEKI6L2SQ="
    },
    "find-up": {
      "version": "4.1.0",
      "resolved": "https://registry.npmjs.org/find-up/-/find-up-4.1.0.tgz",
      "integrity": "sha512-PpOwAdQ/YlXQ2vj8a3h8IipDuYRi3wceVQQGYWxNINccq40Anw7BlsEXCMbt1Zt+OLA6Fq9suIpIWD0OsnISlw==",
      "requires": {
        "locate-path": "^5.0.0",
        "path-exists": "^4.0.0"
      }
    },
    "fs-promise": {
      "version": "0.3.1",
      "resolved": "https://registry.npmjs.org/fs-promise/-/fs-promise-0.3.1.tgz",
      "integrity": "sha1-vzQFA2jyTW3J38ZoirXOrY+GhCo=",
      "requires": {
        "any-promise": "~0.1.0"
      }
    },
    "fs.realpath": {
      "version": "1.0.0",
      "resolved": "https://registry.npmjs.org/fs.realpath/-/fs.realpath-1.0.0.tgz",
      "integrity": "sha1-FQStJSMVjKpA20onh8sBQRmU6k8="
    },
    "function-bind": {
      "version": "1.1.1",
      "resolved": "https://registry.npmjs.org/function-bind/-/function-bind-1.1.1.tgz",
      "integrity": "sha512-yIovAzMX49sF8Yl58fSCWJ5svSLuaibPxXQJFLmBObTuCr0Mf1KiPopGM9NiFjiYBCbfaa2Fh6breQ6ANVTI0A=="
    },
    "get-stdin": {
      "version": "8.0.0",
      "resolved": "https://registry.npmjs.org/get-stdin/-/get-stdin-8.0.0.tgz",
      "integrity": "sha512-sY22aA6xchAzprjyqmSEQv4UbAAzRN0L2dQB0NlN5acTTK9Don6nhoc3eAbUnpZiCANAMfd/+40kVdKfFygohg=="
    },
    "glob": {
      "version": "7.1.6",
      "resolved": "https://registry.npmjs.org/glob/-/glob-7.1.6.tgz",
      "integrity": "sha512-LwaxwyZ72Lk7vZINtNNrywX0ZuLyStrdDtabefZKAY5ZGJhVtgdznluResxNmPitE0SAO+O26sWTHeKSI2wMBA==",
      "requires": {
        "fs.realpath": "^1.0.0",
        "inflight": "^1.0.4",
        "inherits": "2",
        "minimatch": "^3.0.4",
        "once": "^1.3.0",
        "path-is-absolute": "^1.0.0"
      }
    },
    "glob-promise": {
      "version": "1.0.6",
      "resolved": "https://registry.npmjs.org/glob-promise/-/glob-promise-1.0.6.tgz",
      "integrity": "sha1-SAWR1RCeSAXid+5JSERNNlMgKPM=",
      "requires": {
        "glob": "*"
      }
    },
    "handlebars": {
      "version": "4.7.6",
      "resolved": "https://registry.npmjs.org/handlebars/-/handlebars-4.7.6.tgz",
      "integrity": "sha512-1f2BACcBfiwAfStCKZNrUCgqNZkGsAT7UM3kkYtXuLo0KnaVfjKOyf7PRzB6++aK9STyT1Pd2ZCPe3EGOXleXA==",
      "requires": {
        "minimist": "^1.2.5",
        "neo-async": "^2.6.0",
        "source-map": "^0.6.1",
        "uglify-js": "^3.1.4",
        "wordwrap": "^1.0.0"
      }
    },
    "has": {
      "version": "1.0.3",
      "resolved": "https://registry.npmjs.org/has/-/has-1.0.3.tgz",
      "integrity": "sha512-f2dvO0VU6Oej7RkWJGrehjbzMAjFp5/VKPp5tTpWIV4JHHZK1/BxbFRtf/siA2SWTe09caDmVtYYzWEIbBS4zw==",
      "requires": {
        "function-bind": "^1.1.1"
      }
    },
    "hbs-cli": {
      "version": "1.4.0",
      "resolved": "https://registry.npmjs.org/hbs-cli/-/hbs-cli-1.4.0.tgz",
      "integrity": "sha512-HHMzByFeeu0+5qQmw4tK7lEwAoGqh2ItzmBzTVeTzIRT0HP98CGXigS3JEX7FRTn0i6IGB0W6mIc+H9GAF6Etg==",
      "requires": {
        "babel-runtime": "^5.8.34",
        "debug": "^2.2.0",
        "fs-promise": "^0.3.1",
        "get-stdin": "^8.0.0",
        "glob-promise": "^1.0.4",
        "handlebars": "^4.0.5",
        "lodash.merge": "^3.3.2",
        "minimist": "^1.2.0",
        "mkdirp-then": "^1.2.0",
        "resolve": "^1.1.6"
      },
      "dependencies": {
        "debug": {
          "version": "2.6.9",
          "resolved": "https://registry.npmjs.org/debug/-/debug-2.6.9.tgz",
          "integrity": "sha512-bC7ElrdJaJnPbAP+1EotYvqZsb3ecl5wi6Bfi6BJTUcNowp6cvspg0jXznRTKDjm/E7AdgFBVeAPVMNcKGsHMA==",
          "requires": {
            "ms": "2.0.0"
          }
        },
        "ms": {
          "version": "2.0.0",
          "resolved": "https://registry.npmjs.org/ms/-/ms-2.0.0.tgz",
          "integrity": "sha1-VgiurfwAvmwpAd9fmGF4jeDVl8g="
        }
      }
    },
    "inflight": {
      "version": "1.0.6",
      "resolved": "https://registry.npmjs.org/inflight/-/inflight-1.0.6.tgz",
      "integrity": "sha1-Sb1jMdfQLQwJvJEKEHW6gWW1bfk=",
      "requires": {
        "once": "^1.3.0",
        "wrappy": "1"
      }
    },
    "inherits": {
      "version": "2.0.4",
      "resolved": "https://registry.npmjs.org/inherits/-/inherits-2.0.4.tgz",
      "integrity": "sha512-k/vGaX4/Yla3WzyMCvTQOXYeIHvqOKtnqBduzTHpzpQZzAskKMhZ2K+EnBiSM9zGSoIFeMpXKxa4dYeZIQqewQ=="
    },
    "is-core-module": {
      "version": "2.1.0",
      "resolved": "https://registry.npmjs.org/is-core-module/-/is-core-module-2.1.0.tgz",
      "integrity": "sha512-YcV7BgVMRFRua2FqQzKtTDMz8iCuLEyGKjr70q8Zm1yy2qKcurbFEd79PAdHV77oL3NrAaOVQIbMmiHQCHB7ZA==",
      "requires": {
        "has": "^1.0.3"
      }
    },
    "is-fullwidth-code-point": {
      "version": "3.0.0",
      "resolved": "https://registry.npmjs.org/is-fullwidth-code-point/-/is-fullwidth-code-point-3.0.0.tgz",
      "integrity": "sha512-zymm5+u+sCsSWyD9qNaejV3DFvhCKclKdizYaJUuHA83RLjb7nSuGnddCHGv0hk+KY7BMAlsWeK4Ueg6EV6XQg=="
    },
    "is-stream": {
      "version": "2.0.0",
      "resolved": "https://registry.npmjs.org/is-stream/-/is-stream-2.0.0.tgz",
      "integrity": "sha512-XCoy+WlUr7d1+Z8GgSuXmpuUFC9fOhRXglJMx+dwLKTkL44Cjd4W1Z5P+BQZpr+cR93aGP4S/s7Ftw6Nd/kiEw=="
    },
    "js-tokens": {
      "version": "4.0.0",
      "resolved": "https://registry.npmjs.org/js-tokens/-/js-tokens-4.0.0.tgz",
      "integrity": "sha512-RdJUflcE3cUzKiMqQgsCu06FPu9UdIJO0beYbPhHN4k6apgJtifcoCtT9bcxOpYBtpD2kCM6Sbzg4CausW/PKQ=="
    },
    "locate-path": {
      "version": "5.0.0",
      "resolved": "https://registry.npmjs.org/locate-path/-/locate-path-5.0.0.tgz",
      "integrity": "sha512-t7hw9pI+WvuwNJXwk5zVHpyhIqzg2qTlklJOf0mVxGSbe3Fp2VieZcduNYjaLDoy6p9uGpQEGWG87WpMKlNq8g==",
      "requires": {
        "p-locate": "^4.1.0"
      }
    },
    "lodash._arraycopy": {
      "version": "3.0.0",
      "resolved": "https://registry.npmjs.org/lodash._arraycopy/-/lodash._arraycopy-3.0.0.tgz",
      "integrity": "sha1-due3wfH7klRzdIeKVi7Qaj5Q9uE="
    },
    "lodash._arrayeach": {
      "version": "3.0.0",
      "resolved": "https://registry.npmjs.org/lodash._arrayeach/-/lodash._arrayeach-3.0.0.tgz",
      "integrity": "sha1-urFWsqkNPxu9XGU0AzSeXlkz754="
    },
    "lodash._basecopy": {
      "version": "3.0.1",
      "resolved": "https://registry.npmjs.org/lodash._basecopy/-/lodash._basecopy-3.0.1.tgz",
      "integrity": "sha1-jaDmqHbPNEwK2KVIghEd08XHyjY="
    },
    "lodash._basefor": {
      "version": "3.0.3",
      "resolved": "https://registry.npmjs.org/lodash._basefor/-/lodash._basefor-3.0.3.tgz",
      "integrity": "sha1-dVC06SGO8J+tJDQ7YSAhx5tMIMI="
    },
    "lodash._bindcallback": {
      "version": "3.0.1",
      "resolved": "https://registry.npmjs.org/lodash._bindcallback/-/lodash._bindcallback-3.0.1.tgz",
      "integrity": "sha1-5THCdkTPi1epnhftlbNcdIeJOS4="
    },
    "lodash._createassigner": {
      "version": "3.1.1",
      "resolved": "https://registry.npmjs.org/lodash._createassigner/-/lodash._createassigner-3.1.1.tgz",
      "integrity": "sha1-g4pbri/aymOsIt7o4Z+k5taXCxE=",
      "requires": {
        "lodash._bindcallback": "^3.0.0",
        "lodash._isiterateecall": "^3.0.0",
        "lodash.restparam": "^3.0.0"
      }
    },
    "lodash._getnative": {
      "version": "3.9.1",
      "resolved": "https://registry.npmjs.org/lodash._getnative/-/lodash._getnative-3.9.1.tgz",
      "integrity": "sha1-VwvH3t5G1hzc3mh9ZdPuy6o6r/U="
    },
    "lodash._isiterateecall": {
      "version": "3.0.9",
      "resolved": "https://registry.npmjs.org/lodash._isiterateecall/-/lodash._isiterateecall-3.0.9.tgz",
      "integrity": "sha1-UgOte6Ql+uhCRg5pbbnPPmqsBXw="
    },
    "lodash.isarguments": {
      "version": "3.1.0",
      "resolved": "https://registry.npmjs.org/lodash.isarguments/-/lodash.isarguments-3.1.0.tgz",
      "integrity": "sha1-L1c9hcaiQon/AGY7SRwdM4/zRYo="
    },
    "lodash.isarray": {
      "version": "3.0.4",
      "resolved": "https://registry.npmjs.org/lodash.isarray/-/lodash.isarray-3.0.4.tgz",
      "integrity": "sha1-eeTriMNqgSKvhvhEqpvNhRtfu1U="
    },
    "lodash.isplainobject": {
      "version": "3.2.0",
      "resolved": "https://registry.npmjs.org/lodash.isplainobject/-/lodash.isplainobject-3.2.0.tgz",
      "integrity": "sha1-moI4rhayAEMpYM1zRlEtASP79MU=",
      "requires": {
        "lodash._basefor": "^3.0.0",
        "lodash.isarguments": "^3.0.0",
        "lodash.keysin": "^3.0.0"
      }
    },
    "lodash.istypedarray": {
      "version": "3.0.6",
      "resolved": "https://registry.npmjs.org/lodash.istypedarray/-/lodash.istypedarray-3.0.6.tgz",
      "integrity": "sha1-yaR3SYYHUB2OhJTSg7h8OSgc72I="
    },
    "lodash.keys": {
      "version": "3.1.2",
      "resolved": "https://registry.npmjs.org/lodash.keys/-/lodash.keys-3.1.2.tgz",
      "integrity": "sha1-TbwEcrFWvlCgsoaFXRvQsMZWCYo=",
      "requires": {
        "lodash._getnative": "^3.0.0",
        "lodash.isarguments": "^3.0.0",
        "lodash.isarray": "^3.0.0"
      }
    },
    "lodash.keysin": {
      "version": "3.0.8",
      "resolved": "https://registry.npmjs.org/lodash.keysin/-/lodash.keysin-3.0.8.tgz",
      "integrity": "sha1-IsRJPrvtsUJ5YqVLRFssinZ/tH8=",
      "requires": {
        "lodash.isarguments": "^3.0.0",
        "lodash.isarray": "^3.0.0"
      }
    },
    "lodash.merge": {
      "version": "3.3.2",
      "resolved": "https://registry.npmjs.org/lodash.merge/-/lodash.merge-3.3.2.tgz",
      "integrity": "sha1-DZDZPtY3sYeEN7s+IWASYNev6ZQ=",
      "requires": {
        "lodash._arraycopy": "^3.0.0",
        "lodash._arrayeach": "^3.0.0",
        "lodash._createassigner": "^3.0.0",
        "lodash._getnative": "^3.0.0",
        "lodash.isarguments": "^3.0.0",
        "lodash.isarray": "^3.0.0",
        "lodash.isplainobject": "^3.0.0",
        "lodash.istypedarray": "^3.0.0",
        "lodash.keys": "^3.0.0",
        "lodash.keysin": "^3.0.0",
        "lodash.toplainobject": "^3.0.0"
      }
    },
    "lodash.restparam": {
      "version": "3.6.1",
      "resolved": "https://registry.npmjs.org/lodash.restparam/-/lodash.restparam-3.6.1.tgz",
      "integrity": "sha1-k2pOMJ7zMKdkXtQUWYbIWuWyCAU="
    },
    "lodash.toplainobject": {
      "version": "3.0.0",
      "resolved": "https://registry.npmjs.org/lodash.toplainobject/-/lodash.toplainobject-3.0.0.tgz",
      "integrity": "sha1-KHkK2ULSk9eKpmOgfs9/UsoEGY0=",
      "requires": {
        "lodash._basecopy": "^3.0.0",
        "lodash.keysin": "^3.0.0"
      }
    },
    "loose-envify": {
      "version": "1.4.0",
      "resolved": "https://registry.npmjs.org/loose-envify/-/loose-envify-1.4.0.tgz",
      "integrity": "sha512-lyuxPGr/Wfhrlem2CL/UcnUc1zcqKAImBDzukY7Y5F/yQiNdko6+fRLevlw1HgMySw7f611UIY408EtxRSoK3Q==",
      "requires": {
        "js-tokens": "^3.0.0 || ^4.0.0"
      }
    },
    "mailgun": {
      "version": "0.5.0",
      "resolved": "https://registry.npmjs.org/mailgun/-/mailgun-0.5.0.tgz",
      "integrity": "sha1-vODzE0pteItvI2j3F4TvICd81pc="
    },
    "minimatch": {
      "version": "3.0.4",
      "resolved": "https://registry.npmjs.org/minimatch/-/minimatch-3.0.4.tgz",
      "integrity": "sha512-yJHVQEhyqPLUTgt9B83PXu6W3rx4MvvHvSUvToogpwoGDOUQ+yDrR0HRot+yOCdCO7u4hX3pWft6kWBBcqh0UA==",
      "requires": {
        "brace-expansion": "^1.1.7"
      }
    },
    "minimist": {
      "version": "1.2.5",
      "resolved": "https://registry.npmjs.org/minimist/-/minimist-1.2.5.tgz",
      "integrity": "sha512-FM9nNUYrRBAELZQT3xeZQ7fmMOBg6nWNmJKTcgsJeaLstP/UODVpGsr5OhXhhXg6f+qtJ8uiZ+PUxkDWcgIXLw=="
    },
    "mkdirp": {
      "version": "0.5.5",
      "resolved": "https://registry.npmjs.org/mkdirp/-/mkdirp-0.5.5.tgz",
      "integrity": "sha512-NKmAlESf6jMGym1++R0Ra7wvhV+wFW63FaSOFPwRahvea0gMUcGUhVeAg/0BC0wiv9ih5NYPB1Wn1UEI1/L+xQ==",
      "requires": {
        "minimist": "^1.2.5"
      }
    },
    "mkdirp-then": {
      "version": "1.2.0",
      "resolved": "https://registry.npmjs.org/mkdirp-then/-/mkdirp-then-1.2.0.tgz",
      "integrity": "sha1-pJLIecpNhz9e5FAI+PVf0BUN48U=",
      "requires": {
        "any-promise": "^1.1.0",
        "mkdirp": "^0.5.0"
      },
      "dependencies": {
        "any-promise": {
          "version": "1.3.0",
          "resolved": "https://registry.npmjs.org/any-promise/-/any-promise-1.3.0.tgz",
          "integrity": "sha1-q8av7tzqUugJzcA3au0845Y10X8="
        }
      }
    },
    "ms": {
      "version": "2.1.2",
      "resolved": "https://registry.npmjs.org/ms/-/ms-2.1.2.tgz",
      "integrity": "sha512-sGkPx+VjMtmA6MX27oA4FBFELFCZZ4S4XqeGOXCv68tT+jb3vk/RyaKWP0PTKyWtmLSM0b+adUTEvbs1PEaH2w=="
    },
    "neo-async": {
      "version": "2.6.2",
      "resolved": "https://registry.npmjs.org/neo-async/-/neo-async-2.6.2.tgz",
      "integrity": "sha512-Yd3UES5mWCSqR+qNT93S3UoYUkqAZ9lLg8a7g9rimsWmYGK8cVToA4/sF3RrshdyV3sAGMXVUmpMYOw+dLpOuw=="
    },
    "object-assign": {
      "version": "4.1.1",
      "resolved": "https://registry.npmjs.org/object-assign/-/object-assign-4.1.1.tgz",
      "integrity": "sha1-IQmtx5ZYh8/AXLvUQsrIv7s2CGM="
    },
    "once": {
      "version": "1.4.0",
      "resolved": "https://registry.npmjs.org/once/-/once-1.4.0.tgz",
      "integrity": "sha1-WDsap3WWHUsROsF9nFC6753Xa9E=",
      "requires": {
        "wrappy": "1"
      }
    },
    "p-limit": {
      "version": "2.3.0",
      "resolved": "https://registry.npmjs.org/p-limit/-/p-limit-2.3.0.tgz",
      "integrity": "sha512-//88mFWSJx8lxCzwdAABTJL2MyWB12+eIY7MDL2SqLmAkeKU9qxRvWuSyTjm3FUmpBEMuFfckAIqEaVGUDxb6w==",
      "requires": {
        "p-try": "^2.0.0"
      }
    },
    "p-locate": {
      "version": "4.1.0",
      "resolved": "https://registry.npmjs.org/p-locate/-/p-locate-4.1.0.tgz",
      "integrity": "sha512-R79ZZ/0wAxKGu3oYMlz8jy/kbhsNrS7SKZ7PxEHBgJ5+F2mtFW2fK2cOtBh1cHYkQsbzFV7I+EoRKe6Yt0oK7A==",
      "requires": {
        "p-limit": "^2.2.0"
      }
    },
    "p-try": {
      "version": "2.2.0",
      "resolved": "https://registry.npmjs.org/p-try/-/p-try-2.2.0.tgz",
      "integrity": "sha512-R4nPAVTAU0B9D35/Gk3uJf/7XYbQcyohSKdvAxIRSNghFl4e71hVoGnBNQz9cWaXxO2I10KTC+3jMdvvoKw6dQ=="
    },
    "path-exists": {
      "version": "4.0.0",
      "resolved": "https://registry.npmjs.org/path-exists/-/path-exists-4.0.0.tgz",
      "integrity": "sha512-ak9Qy5Q7jYb2Wwcey5Fpvg2KoAc/ZIhLSLOSBmRmygPsGwkVVt0fZa0qrtMz+m6tJTAHfZQ8FnmB4MG4LWy7/w=="
    },
    "path-is-absolute": {
      "version": "1.0.1",
      "resolved": "https://registry.npmjs.org/path-is-absolute/-/path-is-absolute-1.0.1.tgz",
      "integrity": "sha1-F0uSaHNVNP+8es5r9TpanhtcX18="
    },
    "path-parse": {
      "version": "1.0.6",
      "resolved": "https://registry.npmjs.org/path-parse/-/path-parse-1.0.6.tgz",
      "integrity": "sha512-GSmOT2EbHrINBf9SR7CDELwlJ8AENk3Qn7OikK4nFYAu3Ote2+JYNVvkpAEQm3/TLNEJFD/xZJjzyxg3KBWOzw=="
    },
    "prop-types": {
      "version": "15.7.2",
      "resolved": "https://registry.npmjs.org/prop-types/-/prop-types-15.7.2.tgz",
      "integrity": "sha512-8QQikdH7//R2vurIJSutZ1smHYTcLpRWEOlHnzcWHmBYrOGUysKwSsrC89BCiFj3CbrfJ/nXFdJepOVrY1GCHQ==",
      "requires": {
        "loose-envify": "^1.4.0",
        "object-assign": "^4.1.1",
        "react-is": "^16.8.1"
      }
    },
    "qs": {
      "version": "6.9.4",
      "resolved": "https://registry.npmjs.org/qs/-/qs-6.9.4.tgz",
      "integrity": "sha512-A1kFqHekCTM7cz0udomYUoYNWjBebHm/5wzU/XqrBRBNWectVH0QIiN+NEcZ0Dte5hvzHwbr8+XQmguPhJ6WdQ=="
    },
    "react-fast-compare": {
      "version": "3.2.0",
      "resolved": "https://registry.npmjs.org/react-fast-compare/-/react-fast-compare-3.2.0.tgz",
      "integrity": "sha512-rtGImPZ0YyLrscKI9xTpV8psd6I8VAtjKCzQDlzyDvqJA8XOW78TXYQwNRNd8g8JZnDu8q9Fu/1v4HPAVwVdHA=="
    },
    "react-instantsearch-core": {
      "version": "6.7.0",
      "resolved": "https://registry.npmjs.org/react-instantsearch-core/-/react-instantsearch-core-6.7.0.tgz",
      "integrity": "sha512-wIvSIwkWfqPbaQZcbKsfBK3Gpm1e7ahSwU8Bmx1N5RfUqA/NghqS0Ppv3sz4vCXjoEAdPV06R+Fpn9lT+cE9/Q==",
      "requires": {
        "@babel/runtime": "^7.1.2",
        "algoliasearch-helper": "^3.1.0",
        "prop-types": "^15.5.10",
        "react-fast-compare": "^3.0.0"
      }
    },
    "react-instantsearch-dom": {
      "version": "6.7.0",
      "resolved": "https://registry.npmjs.org/react-instantsearch-dom/-/react-instantsearch-dom-6.7.0.tgz",
      "integrity": "sha512-J1C9xkHHLLa6rkKLKFDa7szA0TDo6yPFGmDzh2+JLaq4o694RIqivfUpROHus0Ki3BAQu9QmzLtodf6K1NOBWQ==",
      "requires": {
        "@babel/runtime": "^7.1.2",
        "algoliasearch-helper": "^3.1.0",
        "classnames": "^2.2.5",
        "prop-types": "^15.5.10",
        "react-instantsearch-core": "^6.7.0"
      }
    },
    "react-is": {
      "version": "16.13.1",
      "resolved": "https://registry.npmjs.org/react-is/-/react-is-16.13.1.tgz",
      "integrity": "sha512-24e6ynE2H+OKt4kqsOvNd8kBpV65zoxbA4BVsEOB3ARVWQki/DHzaUoC5KuON/BiccDaCCTZBuOcfZs70kR8bQ=="
    },
    "regenerator-runtime": {
      "version": "0.13.7",
      "resolved": "https://registry.npmjs.org/regenerator-runtime/-/regenerator-runtime-0.13.7.tgz",
      "integrity": "sha512-a54FxoJDIr27pgf7IgeQGxmqUNYrcV338lf/6gH456HZ/PhX+5BcwHXG9ajESmwe6WRO0tAzRUrRmNONWgkrew=="
    },
    "resolve": {
      "version": "1.18.1",
      "resolved": "https://registry.npmjs.org/resolve/-/resolve-1.18.1.tgz",
      "integrity": "sha512-lDfCPaMKfOJXjy0dPayzPdF1phampNWr3qFCjAu+rw/qbQmr5jWH5xN2hwh9QKfw9E5v4hwV7A+jrCmL8yjjqA==",
      "requires": {
        "is-core-module": "^2.0.0",
        "path-parse": "^1.0.6"
      }
    },
    "source-map": {
      "version": "0.6.1",
      "resolved": "https://registry.npmjs.org/source-map/-/source-map-0.6.1.tgz",
      "integrity": "sha512-UjgapumWlbMhkBgzT7Ykc5YXUT46F0iKu8SGXq0bcwP5dz/h0Plj6enJqjz1Zbq2l5WaqYnrVbwWOWMyF3F47g=="
    },
    "string-width": {
      "version": "4.2.0",
      "resolved": "https://registry.npmjs.org/string-width/-/string-width-4.2.0.tgz",
      "integrity": "sha512-zUz5JD+tgqtuDjMhwIg5uFVV3dtqZ9yQJlZVfq4I01/K5Paj5UHj7VyrQOJvzawSVlKpObApbfD0Ed6yJc+1eg==",
      "requires": {
        "emoji-regex": "^8.0.0",
        "is-fullwidth-code-point": "^3.0.0",
        "strip-ansi": "^6.0.0"
      }
    },
    "strip-ansi": {
      "version": "6.0.0",
      "resolved": "https://registry.npmjs.org/strip-ansi/-/strip-ansi-6.0.0.tgz",
      "integrity": "sha512-AuvKTrTfQNYNIctbR1K/YGTR1756GycPsg7b9bdV9Duqur4gv6aKqHXah67Z8ImS7WEz5QVcOtlfW2rZEugt6w==",
      "requires": {
        "ansi-regex": "^5.0.0"
      }
    },
    "uglify-js": {
      "version": "3.11.5",
      "resolved": "https://registry.npmjs.org/uglify-js/-/uglify-js-3.11.5.tgz",
      "integrity": "sha512-btvv/baMqe7HxP7zJSF7Uc16h1mSfuuSplT0/qdjxseesDU+yYzH33eHBH+eMdeRXwujXspaCTooWHQVVBh09w=="
    },
    "wordwrap": {
      "version": "1.0.0",
      "resolved": "https://registry.npmjs.org/wordwrap/-/wordwrap-1.0.0.tgz",
      "integrity": "sha1-J1hIEIkUVqQXHI0CJkQa3pDLyus="
    },
    "wrap-ansi": {
      "version": "6.2.0",
      "resolved": "https://registry.npmjs.org/wrap-ansi/-/wrap-ansi-6.2.0.tgz",
      "integrity": "sha512-r6lPcBGxZXlIcymEu7InxDMhdW0KDxpLgoFLcguasxCaJ/SOIZwINatK9KY/tf+ZrlywOKU0UDj3ATXUBfxJXA==",
      "requires": {
        "ansi-styles": "^4.0.0",
        "string-width": "^4.1.0",
        "strip-ansi": "^6.0.0"
      }
    },
    "wrappy": {
      "version": "1.0.2",
      "resolved": "https://registry.npmjs.org/wrappy/-/wrappy-1.0.2.tgz",
      "integrity": "sha1-tSQ9jz7BqjXxNkYFvA0QNuMKtp8="
    }
  }
}
